Microsoft Visual Studio Solution File, Format Version 12.00
# Visual Studio Version 17
VisualStudioVersion = 17.5.2.0
MinimumVisualStudioVersion = 10.0.40219.1
Project("{FAE04EC0-301F-11D3-BF4B-00C04F79EFBC}") = "NoBlock", "NoBlock.csproj", "{4CFD8A96-8F43-F769-4249-4DD987F7804A}"
EndProject
Global
	GlobalSection(SolutionConfigurationPlatforms) = preSolution
		Debug|Any CPU = Debug|Any CPU
		Release|Any CPU = Release|Any CPU
	EndGlobalSection
	GlobalSection(ProjectConfigurationPlatforms) = postSolution
		{4CFD8A96-8F43-F769-4249-4DD987F7804A}.Debug|Any CPU.ActiveCfg = Debug|Any CPU
		{4CFD8A96-8F43-F769-4249-4DD987F7804A}.Debug|Any CPU.Build.0 = Debug|Any CPU
		{4CFD8A96-8F43-F769-4249-4DD987F7804A}.Release|Any CPU.ActiveCfg = Release|Any CPU
		{4CFD8A96-8F43-F769-4249-4DD987F7804A}.Release|Any CPU.Build.0 = Release|Any CPU
	EndGlobalSection
	GlobalSection(SolutionProperties) = preSolution
		HideSolutionNode = FALSE
	EndGlobalSection
	GlobalSection(ExtensibilityGlobals) = postSolution
		SolutionGuid = {AA6141AE-C258-4E10-9901-DF82A27382C8}
	EndGlobalSection
EndGlobal
